
Microsoft Visual Studio Solution File, Format Version 12.00
# Visual Studio 14
VisualStudioVersion = 14.0.25420.1
MinimumVisualStudioVersion = 10.0.40219.1
Project("{FAE04EC0-301F-11D3-BF4B-00C04F79EFBC}") = "SampleBackEnd", "SampleBackEnd\SampleBackEnd.csproj", "{28D7870F-76E6-47EB-AC5F-DDAD6F556E86}"
EndProject
Project("{FAE04EC0-301F-11D3-BF4B-00C04F79EFBC}") = "BO", "BO\BO.csproj", "{ECC9231D-CF3F-4540-8B87-BDA975066CD6}"
EndProject
Project("{FAE04EC0-301F-11D3-BF4B-00C04F79EFBC}") = "DAL", "DAL\DAL.csproj", "{93D22960-A5A9-4714-BAED-251E04753CE2}"
EndProject
Global
	GlobalSection(SolutionConfigurationPlatforms) = preSolution
		Debug|Any CPU = Debug|Any CPU
		Release|Any CPU = Release|Any CPU
	EndGlobalSection
	GlobalSection(ProjectConfigurationPlatforms) = postSolution
		{28D7870F-76E6-47EB-AC5F-DDAD6F556E86}.Debug|Any CPU.ActiveCfg = Debug|Any CPU
		{28D7870F-76E6-47EB-AC5F-DDAD6F556E86}.Debug|Any CPU.Build.0 = Debug|Any CPU
		{28D7870F-76E6-47EB-AC5F-DDAD6F556E86}.Release|Any CPU.ActiveCfg = Release|Any CPU
		{28D7870F-76E6-47EB-AC5F-DDAD6F556E86}.Release|Any CPU.Build.0 = Release|Any CPU
		{ECC9231D-CF3F-4540-8B87-BDA975066CD6}.Debug|Any CPU.ActiveCfg = Debug|Any CPU
		{ECC9231D-CF3F-4540-8B87-BDA975066CD6}.Debug|Any CPU.Build.0 = Debug|Any CPU
		{ECC9231D-CF3F-4540-8B87-BDA975066CD6}.Release|Any CPU.ActiveCfg = Release|Any CPU
		{ECC9231D-CF3F-4540-8B87-BDA975066CD6}.Release|Any CPU.Build.0 = Release|Any CPU
		{93D22960-A5A9-4714-BAED-251E04753CE2}.Debug|Any CPU.ActiveCfg = Debug|Any CPU
		{93D22960-A5A9-4714-BAED-251E04753CE2}.Debug|Any CPU.Build.0 = Debug|Any CPU
		{93D22960-A5A9-4714-BAED-251E04753CE2}.Release|Any CPU.ActiveCfg = Release|Any CPU
		{93D22960-A5A9-4714-BAED-251E04753CE2}.Release|Any CPU.Build.0 = Release|Any CPU
	EndGlobalSection
	GlobalSection(SolutionProperties) = preSolution
		HideSolutionNode = FALSE
	EndGlobalSection
EndGlobal
